
Microsoft Visual Studio Solution File, Format Version 12.00
# Visual Studio Version 17
VisualStudioVersion = 17.4.33213.308
MinimumVisualStudioVersion = 10.0.40219.1
Project("{FAE04EC0-301F-11D3-BF4B-00C04F79EFBC}") = "operatorOverloading1", "operatorOverloading1\operatorOverloading1.csproj", "{DD527501-9903-46E2-B799-B93DE2CE2BB9}"
EndProject
Global
	GlobalSection(SolutionConfigurationPlatforms) = preSolution
		Debug|Any CPU = Debug|Any CPU
		Release|Any CPU = Release|Any CPU
	EndGlobalSection
	GlobalSection(ProjectConfigurationPlatforms) = postSolution
		{DD527501-9903-46E2-B799-B93DE2CE2BB9}.Debug|Any CPU.ActiveCfg = Debug|Any CPU
		{DD527501-9903-46E2-B799-B93DE2CE2BB9}.Debug|Any CPU.Build.0 = Debug|Any CPU
		{DD527501-9903-46E2-B799-B93DE2CE2BB9}.Release|Any CPU.ActiveCfg = Release|Any CPU
		{DD527501-9903-46E2-B799-B93DE2CE2BB9}.Release|Any CPU.Build.0 = Release|Any CPU
	EndGlobalSection
	GlobalSection(SolutionProperties) = preSolution
		HideSolutionNode = FALSE
	EndGlobalSection
	GlobalSection(ExtensibilityGlobals) = postSolution
		SolutionGuid = {5E65DDC8-12C4-47C0-8CA7-6366C9A5AFAC}
	EndGlobalSection
EndGlobal
